
Microsoft Visual Studio Solution File, Format Version 12.00
# Visual Studio Version 17
VisualStudioVersion = 17.4.33213.308
MinimumVisualStudioVersion = 10.0.40219.1
Project("{FAE04EC0-301F-11D3-BF4B-00C04F79EFBC}") = "MvcDemo", "MvcDemo\MvcDemo.csproj", "{B7540F0F-C0C7-477F-8D78-C8C88313CD9D}"
EndProject
Global
	GlobalSection(SolutionConfigurationPlatforms) = preSolution
		Debug|Any CPU = Debug|Any CPU
		Release|Any CPU = Release|Any CPU
	EndGlobalSection
	GlobalSection(ProjectConfigurationPlatforms) = postSolution
		{B7540F0F-C0C7-477F-8D78-C8C88313CD9D}.Debug|Any CPU.ActiveCfg = Debug|Any CPU
		{B7540F0F-C0C7-477F-8D78-C8C88313CD9D}.Debug|Any CPU.Build.0 = Debug|Any CPU
		{B7540F0F-C0C7-477F-8D78-C8C88313CD9D}.Release|Any CPU.ActiveCfg = Release|Any CPU
		{B7540F0F-C0C7-477F-8D78-C8C88313CD9D}.Release|Any CPU.Build.0 = Release|Any CPU
	EndGlobalSection
	GlobalSection(SolutionProperties) = preSolution
		HideSolutionNode = FALSE
	EndGlobalSection
	GlobalSection(ExtensibilityGlobals) = postSolution
		SolutionGuid = {51ADC07B-098B-4348-909C-4D55F132FC9D}
	EndGlobalSection
EndGlobal
